
Microsoft Visual Studio Solution File, Format Version 12.00
# Visual Studio Version 16
VisualStudioVersion = 16.0.31410.357
MinimumVisualStudioVersion = 10.0.40219.1
Project("{FAE04EC0-301F-11D3-BF4B-00C04F79EFBC}") = "StudentManagementBot.Data", "StudentManagementBot.Data\StudentManagementBot.Data.csproj", "{9B442C15-5A2C-4E9D-AC1D-9C8BC706F20A}"
EndProject
Global
	GlobalSection(SolutionConfigurationPlatforms) = preSolution
		Debug|Any CPU = Debug|Any CPU
		Release|Any CPU = Release|Any CPU
	EndGlobalSection
	GlobalSection(ProjectConfigurationPlatforms) = postSolution
		{9B442C15-5A2C-4E9D-AC1D-9C8BC706F20A}.Debug|Any CPU.ActiveCfg = Debug|Any CPU
		{9B442C15-5A2C-4E9D-AC1D-9C8BC706F20A}.Debug|Any CPU.Build.0 = Debug|Any CPU
		{9B442C15-5A2C-4E9D-AC1D-9C8BC706F20A}.Release|Any CPU.ActiveCfg = Release|Any CPU
		{9B442C15-5A2C-4E9D-AC1D-9C8BC706F20A}.Release|Any CPU.Build.0 = Release|Any CPU
	EndGlobalSection
	GlobalSection(SolutionProperties) = preSolution
		HideSolutionNode = FALSE
	EndGlobalSection
	GlobalSection(ExtensibilityGlobals) = postSolution
		SolutionGuid = {EC9CFF97-7FCB-4D81-9553-CFBCF2367FD6}
	EndGlobalSection
EndGlobal
